
Microsoft Visual Studio Solution File, Format Version 12.00
# Visual Studio Version 17
VisualStudioVersion = 17.3.32929.385
MinimumVisualStudioVersion = 10.0.40219.1
Project("{FAE04EC0-301F-11D3-BF4B-00C04F79EFBC}") = "Exercice1", "Exercice1\Exercice1.csproj", "{37B294D6-B85C-4D2C-AD6D-95734E06F456}"
EndProject
Global
	GlobalSection(SolutionConfigurationPlatforms) = preSolution
		Debug|Any CPU = Debug|Any CPU
		Release|Any CPU = Release|Any CPU
	EndGlobalSection
	GlobalSection(ProjectConfigurationPlatforms) = postSolution
		{37B294D6-B85C-4D2C-AD6D-95734E06F456}.Debug|Any CPU.ActiveCfg = Debug|Any CPU
		{37B294D6-B85C-4D2C-AD6D-95734E06F456}.Debug|Any CPU.Build.0 = Debug|Any CPU
		{37B294D6-B85C-4D2C-AD6D-95734E06F456}.Release|Any CPU.ActiveCfg = Release|Any CPU
		{37B294D6-B85C-4D2C-AD6D-95734E06F456}.Release|Any CPU.Build.0 = Release|Any CPU
	EndGlobalSection
	GlobalSection(SolutionProperties) = preSolution
		HideSolutionNode = FALSE
	EndGlobalSection
	GlobalSection(ExtensibilityGlobals) = postSolution
		SolutionGuid = {FDFD41D6-20A2-4E14-AA86-B52641E4958F}
	EndGlobalSection
EndGlobal
